
Microsoft Visual Studio Solution File, Format Version 12.00
# Visual Studio Version 16
VisualStudioVersion = 16.0.30309.148
MinimumVisualStudioVersion = 10.0.40219.1
Project("{FAE04EC0-301F-11D3-BF4B-00C04F79EFBC}") = "EmployeeAPI", "EmployeeAPI\EmployeeAPI.csproj", "{2D1A224D-3657-426D-8385-479B6152CDAF}"
EndProject
Project("{FAE04EC0-301F-11D3-BF4B-00C04F79EFBC}") = "DataEmployee", "DataEmployee\DataEmployee.csproj", "{F8D59C94-9EE0-4176-9C4E-2609340E13FE}"
EndProject
Global
	GlobalSection(SolutionConfigurationPlatforms) = preSolution
		Debug|Any CPU = Debug|Any CPU
		Release|Any CPU = Release|Any CPU
	EndGlobalSection
	GlobalSection(ProjectConfigurationPlatforms) = postSolution
		{2D1A224D-3657-426D-8385-479B6152CDAF}.Debug|Any CPU.ActiveCfg = Debug|Any CPU
		{2D1A224D-3657-426D-8385-479B6152CDAF}.Debug|Any CPU.Build.0 = Debug|Any CPU
		{2D1A224D-3657-426D-8385-479B6152CDAF}.Release|Any CPU.ActiveCfg = Release|Any CPU
		{2D1A224D-3657-426D-8385-479B6152CDAF}.Release|Any CPU.Build.0 = Release|Any CPU
		{F8D59C94-9EE0-4176-9C4E-2609340E13FE}.Debug|Any CPU.ActiveCfg = Debug|Any CPU
		{F8D59C94-9EE0-4176-9C4E-2609340E13FE}.Debug|Any CPU.Build.0 = Debug|Any CPU
		{F8D59C94-9EE0-4176-9C4E-2609340E13FE}.Release|Any CPU.ActiveCfg = Release|Any CPU
		{F8D59C94-9EE0-4176-9C4E-2609340E13FE}.Release|Any CPU.Build.0 = Release|Any CPU
	EndGlobalSection
	GlobalSection(SolutionProperties) = preSolution
		HideSolutionNode = FALSE
	EndGlobalSection
	GlobalSection(ExtensibilityGlobals) = postSolution
		SolutionGuid = {556FEEA9-DCF3-4C58-AFF0-33CD34D7496E}
	EndGlobalSection
EndGlobal
